
Microsoft Visual Studio Solution File, Format Version 12.00
# Visual Studio Version 17
VisualStudioVersion = 17.4.33213.308
MinimumVisualStudioVersion = 10.0.40219.1
Project("{FAE04EC0-301F-11D3-BF4B-00C04F79EFBC}") = "Product.UI", "Product.UI\Product.UI.csproj", "{60839EB4-F7EC-4860-9AB6-CC34776868E7}"
EndProject
Project("{FAE04EC0-301F-11D3-BF4B-00C04F79EFBC}") = "Product.Data", "Product.Data\Product.Data.csproj", "{3D6C0B0E-D229-4646-B8D7-5DE01C96CE9D}"
EndProject
Global
	GlobalSection(SolutionConfigurationPlatforms) = preSolution
		Debug|Any CPU = Debug|Any CPU
		Release|Any CPU = Release|Any CPU
	EndGlobalSection
	GlobalSection(ProjectConfigurationPlatforms) = postSolution
		{60839EB4-F7EC-4860-9AB6-CC34776868E7}.Debug|Any CPU.ActiveCfg = Debug|Any CPU
		{60839EB4-F7EC-4860-9AB6-CC34776868E7}.Debug|Any CPU.Build.0 = Debug|Any CPU
		{60839EB4-F7EC-4860-9AB6-CC34776868E7}.Release|Any CPU.ActiveCfg = Release|Any CPU
		{60839EB4-F7EC-4860-9AB6-CC34776868E7}.Release|Any CPU.Build.0 = Release|Any CPU
		{3D6C0B0E-D229-4646-B8D7-5DE01C96CE9D}.Debug|Any CPU.ActiveCfg = Debug|Any CPU
		{3D6C0B0E-D229-4646-B8D7-5DE01C96CE9D}.Debug|Any CPU.Build.0 = Debug|Any CPU
		{3D6C0B0E-D229-4646-B8D7-5DE01C96CE9D}.Release|Any CPU.ActiveCfg = Release|Any CPU
		{3D6C0B0E-D229-4646-B8D7-5DE01C96CE9D}.Release|Any CPU.Build.0 = Release|Any CPU
	EndGlobalSection
	GlobalSection(SolutionProperties) = preSolution
		HideSolutionNode = FALSE
	EndGlobalSection
	GlobalSection(ExtensibilityGlobals) = postSolution
		SolutionGuid = {9F9A9F2B-7970-4A21-8F38-96AB7750C4E8}
	EndGlobalSection
EndGlobal
